
Microsoft Visual Studio Solution File, Format Version 12.00
# Visual Studio Express 2012 for Windows Desktop
Project("{8BC9CEB8-8B4A-11D0-8D11-00A0C91BC942}") = "libmandy", "windows\libmandy\libmandy.vcxproj", "{E5DDECA6-1F6C-401B-BBB6-1101B1F5B61D}"
EndProject
Project("{8BC9CEB8-8B4A-11D0-8D11-00A0C91BC942}") = "speedtest", "windows\speedtest\speedtest.vcxproj", "{15F60354-A2F4-4C39-91E1-656DA501CE79}"
	ProjectSection(ProjectDependencies) = postProject
		{E5DDECA6-1F6C-401B-BBB6-1101B1F5B61D} = {E5DDECA6-1F6C-401B-BBB6-1101B1F5B61D}
	EndProjectSection
EndProject
Project("{8BC9CEB8-8B4A-11D0-8D11-00A0C91BC942}") = "fixed64-test", "windows\fixed64-test\fixed64-test.vcxproj", "{8A51A96E-3178-4E07-8ADC-31613CFFC2BD}"
	ProjectSection(ProjectDependencies) = postProject
		{E5DDECA6-1F6C-401B-BBB6-1101B1F5B61D} = {E5DDECA6-1F6C-401B-BBB6-1101B1F5B61D}
	EndProjectSection
EndProject
Project("{8BC9CEB8-8B4A-11D0-8D11-00A0C91BC942}") = "fixed128-test", "windows\fixed128-test\fixed128-test.vcxproj", "{51AC3A69-21F2-4E24-B5AD-289F1EE8FCFE}"
	ProjectSection(ProjectDependencies) = postProject
		{E5DDECA6-1F6C-401B-BBB6-1101B1F5B61D} = {E5DDECA6-1F6C-401B-BBB6-1101B1F5B61D}
	EndProjectSection
EndProject
Global
	GlobalSection(SolutionConfigurationPlatforms) = preSolution
		Debug|Mixed Platforms = Debug|Mixed Platforms
		Debug|Win32 = Debug|Win32
		Debug|x64 = Debug|x64
		Release|Mixed Platforms = Release|Mixed Platforms
		Release|Win32 = Release|Win32
		Release|x64 = Release|x64
	EndGlobalSection
	GlobalSection(ProjectConfigurationPlatforms) = postSolution
		{E5DDECA6-1F6C-401B-BBB6-1101B1F5B61D}.Debug|Mixed Platforms.ActiveCfg = Debug|Win32
		{E5DDECA6-1F6C-401B-BBB6-1101B1F5B61D}.Debug|Mixed Platforms.Build.0 = Debug|Win32
		{E5DDECA6-1F6C-401B-BBB6-1101B1F5B61D}.Debug|Win32.ActiveCfg = Debug|Win32
		{E5DDECA6-1F6C-401B-BBB6-1101B1F5B61D}.Debug|Win32.Build.0 = Debug|Win32
		{E5DDECA6-1F6C-401B-BBB6-1101B1F5B61D}.Debug|x64.ActiveCfg = Debug|x64
		{E5DDECA6-1F6C-401B-BBB6-1101B1F5B61D}.Debug|x64.Build.0 = Debug|x64
		{E5DDECA6-1F6C-401B-BBB6-1101B1F5B61D}.Release|Mixed Platforms.ActiveCfg = Release|Win32
		{E5DDECA6-1F6C-401B-BBB6-1101B1F5B61D}.Release|Mixed Platforms.Build.0 = Release|Win32
		{E5DDECA6-1F6C-401B-BBB6-1101B1F5B61D}.Release|Win32.ActiveCfg = Release|Win32
		{E5DDECA6-1F6C-401B-BBB6-1101B1F5B61D}.Release|Win32.Build.0 = Release|Win32
		{E5DDECA6-1F6C-401B-BBB6-1101B1F5B61D}.Release|x64.ActiveCfg = Release|x64
		{E5DDECA6-1F6C-401B-BBB6-1101B1F5B61D}.Release|x64.Build.0 = Release|x64
		{15F60354-A2F4-4C39-91E1-656DA501CE79}.Debug|Mixed Platforms.ActiveCfg = Debug|Win32
		{15F60354-A2F4-4C39-91E1-656DA501CE79}.Debug|Mixed Platforms.Build.0 = Debug|Win32
		{15F60354-A2F4-4C39-91E1-656DA501CE79}.Debug|Win32.ActiveCfg = Debug|Win32
		{15F60354-A2F4-4C39-91E1-656DA501CE79}.Debug|Win32.Build.0 = Debug|Win32
		{15F60354-A2F4-4C39-91E1-656DA501CE79}.Debug|x64.ActiveCfg = Debug|x64
		{15F60354-A2F4-4C39-91E1-656DA501CE79}.Debug|x64.Build.0 = Debug|x64
		{15F60354-A2F4-4C39-91E1-656DA501CE79}.Release|Mixed Platforms.ActiveCfg = Release|Win32
		{15F60354-A2F4-4C39-91E1-656DA501CE79}.Release|Mixed Platforms.Build.0 = Release|Win32
		{15F60354-A2F4-4C39-91E1-656DA501CE79}.Release|Win32.ActiveCfg = Release|Win32
		{15F60354-A2F4-4C39-91E1-656DA501CE79}.Release|Win32.Build.0 = Release|Win32
		{15F60354-A2F4-4C39-91E1-656DA501CE79}.Release|x64.ActiveCfg = Release|x64
		{15F60354-A2F4-4C39-91E1-656DA501CE79}.Release|x64.Build.0 = Release|x64
		{8A51A96E-3178-4E07-8ADC-31613CFFC2BD}.Debug|Mixed Platforms.ActiveCfg = Debug|Win32
		{8A51A96E-3178-4E07-8ADC-31613CFFC2BD}.Debug|Mixed Platforms.Build.0 = Debug|Win32
		{8A51A96E-3178-4E07-8ADC-31613CFFC2BD}.Debug|Win32.ActiveCfg = Debug|Win32
		{8A51A96E-3178-4E07-8ADC-31613CFFC2BD}.Debug|Win32.Build.0 = Debug|Win32
		{8A51A96E-3178-4E07-8ADC-31613CFFC2BD}.Debug|x64.ActiveCfg = Debug|x64
		{8A51A96E-3178-4E07-8ADC-31613CFFC2BD}.Debug|x64.Build.0 = Debug|x64
		{8A51A96E-3178-4E07-8ADC-31613CFFC2BD}.Release|Mixed Platforms.ActiveCfg = Release|Win32
		{8A51A96E-3178-4E07-8ADC-31613CFFC2BD}.Release|Mixed Platforms.Build.0 = Release|Win32
		{8A51A96E-3178-4E07-8ADC-31613CFFC2BD}.Release|Win32.ActiveCfg = Release|Win32
		{8A51A96E-3178-4E07-8ADC-31613CFFC2BD}.Release|Win32.Build.0 = Release|Win32
		{8A51A96E-3178-4E07-8ADC-31613CFFC2BD}.Release|x64.ActiveCfg = Release|Win32
		{51AC3A69-21F2-4E24-B5AD-289F1EE8FCFE}.Debug|Mixed Platforms.ActiveCfg = Debug|Win32
		{51AC3A69-21F2-4E24-B5AD-289F1EE8FCFE}.Debug|Mixed Platforms.Build.0 = Debug|Win32
		{51AC3A69-21F2-4E24-B5AD-289F1EE8FCFE}.Debug|Win32.ActiveCfg = Debug|Win32
		{51AC3A69-21F2-4E24-B5AD-289F1EE8FCFE}.Debug|Win32.Build.0 = Debug|Win32
		{51AC3A69-21F2-4E24-B5AD-289F1EE8FCFE}.Debug|x64.ActiveCfg = Debug|x64
		{51AC3A69-21F2-4E24-B5AD-289F1EE8FCFE}.Debug|x64.Build.0 = Debug|x64
		{51AC3A69-21F2-4E24-B5AD-289F1EE8FCFE}.Release|Mixed Platforms.ActiveCfg = Release|Win32
		{51AC3A69-21F2-4E24-B5AD-289F1EE8FCFE}.Release|Mixed Platforms.Build.0 = Release|Win32
		{51AC3A69-21F2-4E24-B5AD-289F1EE8FCFE}.Release|Win32.ActiveCfg = Release|Win32
		{51AC3A69-21F2-4E24-B5AD-289F1EE8FCFE}.Release|Win32.Build.0 = Release|Win32
		{51AC3A69-21F2-4E24-B5AD-289F1EE8FCFE}.Release|x64.ActiveCfg = Release|Win32
	EndGlobalSection
	GlobalSection(SolutionProperties) = preSolution
		HideSolutionNode = FALSE
	EndGlobalSection
EndGlobal
